
Microsoft Visual Studio Solution File, Format Version 12.00
# Visual Studio 2012
Project("{FAE04EC0-301F-11D3-BF4B-00C04F79EFBC}") = "AcademyPopcorn", "AcademyPopcorn\AcademyPopcorn.csproj", "{31002036-6281-474B-B38E-23AEC84D479A}"
EndProject
Global
	GlobalSection(SolutionConfigurationPlatforms) = preSolution
		Debug|Any CPU = Debug|Any CPU
		Release|Any CPU = Release|Any CPU
	EndGlobalSection
	GlobalSection(ProjectConfigurationPlatforms) = postSolution
		{31002036-6281-474B-B38E-23AEC84D479A}.Debug|Any CPU.ActiveCfg = Debug|Any CPU
		{31002036-6281-474B-B38E-23AEC84D479A}.Debug|Any CPU.Build.0 = Debug|Any CPU
		{31002036-6281-474B-B38E-23AEC84D479A}.Release|Any CPU.ActiveCfg = Release|Any CPU
		{31002036-6281-474B-B38E-23AEC84D479A}.Release|Any CPU.Build.0 = Release|Any CPU
	EndGlobalSection
	GlobalSection(SolutionProperties) = preSolution
		HideSolutionNode = FALSE
	EndGlobalSection
EndGlobal
