
Microsoft Visual Studio Solution File, Format Version 12.00
# Visual Studio 2012
Project("{E24C65DC-7377-472B-9ABA-BC803B73C61A}") = "06Objects", ".", "{166F813A-84AF-4E41-AB8E-82CB77BB30D8}"
	ProjectSection(WebsiteProperties) = preProject
		TargetFrameworkMoniker = ".NETFramework,Version%3Dv4.5"
		Debug.AspNetCompiler.VirtualPath = "/06Objects"
		Debug.AspNetCompiler.PhysicalPath = "..\..\..\..\Dropbox\TelerikAcademy\Ivo\HomeWork\JavaScriptI\06Objects\"
		Debug.AspNetCompiler.TargetPath = "PrecompiledWeb\06Objects\"
		Debug.AspNetCompiler.Updateable = "true"
		Debug.AspNetCompiler.ForceOverwrite = "true"
		Debug.AspNetCompiler.FixedNames = "false"
		Debug.AspNetCompiler.Debug = "True"
		Release.AspNetCompiler.VirtualPath = "/06Objects"
		Release.AspNetCompiler.PhysicalPath = "..\..\..\..\Dropbox\TelerikAcademy\Ivo\HomeWork\JavaScriptI\06Objects\"
		Release.AspNetCompiler.TargetPath = "PrecompiledWeb\06Objects\"
		Release.AspNetCompiler.Updateable = "true"
		Release.AspNetCompiler.ForceOverwrite = "true"
		Release.AspNetCompiler.FixedNames = "false"
		Release.AspNetCompiler.Debug = "False"
		VWDPort = "49349"
	EndProjectSection
EndProject
Global
	GlobalSection(SolutionConfigurationPlatforms) = preSolution
		Debug|Any CPU = Debug|Any CPU
	EndGlobalSection
	GlobalSection(ProjectConfigurationPlatforms) = postSolution
		{166F813A-84AF-4E41-AB8E-82CB77BB30D8}.Debug|Any CPU.ActiveCfg = Debug|Any CPU
		{166F813A-84AF-4E41-AB8E-82CB77BB30D8}.Debug|Any CPU.Build.0 = Debug|Any CPU
	EndGlobalSection
	GlobalSection(SolutionProperties) = preSolution
		HideSolutionNode = FALSE
	EndGlobalSection
EndGlobal
