
Microsoft Visual Studio Solution File, Format Version 12.00
# Visual Studio 2012
Project("{E24C65DC-7377-472B-9ABA-BC803B73C61A}") = "2.IvoIvanovHTML", ".", "{2A76FD5F-C7BB-4BEA-9A1C-6E5B127B5114}"
	ProjectSection(WebsiteProperties) = preProject
		TargetFrameworkMoniker = ".NETFramework,Version%3Dv4.5"
		Debug.AspNetCompiler.VirtualPath = "/2.IvoIvanovHTML"
		Debug.AspNetCompiler.PhysicalPath = "..\..\..\..\Dropbox\TelerikAcademy\Ivo\HomeWork\HTML\2.IvoIvanovHTML\"
		Debug.AspNetCompiler.TargetPath = "PrecompiledWeb\2.IvoIvanovHTML\"
		Debug.AspNetCompiler.Updateable = "true"
		Debug.AspNetCompiler.ForceOverwrite = "true"
		Debug.AspNetCompiler.FixedNames = "false"
		Debug.AspNetCompiler.Debug = "True"
		Release.AspNetCompiler.VirtualPath = "/2.IvoIvanovHTML"
		Release.AspNetCompiler.PhysicalPath = "..\..\..\..\Dropbox\TelerikAcademy\Ivo\HomeWork\HTML\2.IvoIvanovHTML\"
		Release.AspNetCompiler.TargetPath = "PrecompiledWeb\2.IvoIvanovHTML\"
		Release.AspNetCompiler.Updateable = "true"
		Release.AspNetCompiler.ForceOverwrite = "true"
		Release.AspNetCompiler.FixedNames = "false"
		Release.AspNetCompiler.Debug = "False"
		VWDPort = "65361"
	EndProjectSection
EndProject
Global
	GlobalSection(SolutionConfigurationPlatforms) = preSolution
		Debug|Any CPU = Debug|Any CPU
	EndGlobalSection
	GlobalSection(ProjectConfigurationPlatforms) = postSolution
		{2A76FD5F-C7BB-4BEA-9A1C-6E5B127B5114}.Debug|Any CPU.ActiveCfg = Debug|Any CPU
		{2A76FD5F-C7BB-4BEA-9A1C-6E5B127B5114}.Debug|Any CPU.Build.0 = Debug|Any CPU
	EndGlobalSection
	GlobalSection(SolutionProperties) = preSolution
		HideSolutionNode = FALSE
	EndGlobalSection
EndGlobal
