
Microsoft Visual Studio Solution File, Format Version 12.00
# Visual Studio 2012
Project("{E24C65DC-7377-472B-9ABA-BC803B73C61A}") = "01.DOM", ".", "{D6FDFCED-CA90-4685-A9EA-AA1FA17F6615}"
	ProjectSection(WebsiteProperties) = preProject
		TargetFrameworkMoniker = ".NETFramework,Version%3Dv4.5"
		Debug.AspNetCompiler.VirtualPath = "/01.DOM"
		Debug.AspNetCompiler.PhysicalPath = "..\..\..\..\Dropbox\TelerikAcademy\Ivo\HomeWork\JavaScriptII\01.DOM\"
		Debug.AspNetCompiler.TargetPath = "PrecompiledWeb\01.DOM\"
		Debug.AspNetCompiler.Updateable = "true"
		Debug.AspNetCompiler.ForceOverwrite = "true"
		Debug.AspNetCompiler.FixedNames = "false"
		Debug.AspNetCompiler.Debug = "True"
		Release.AspNetCompiler.VirtualPath = "/01.DOM"
		Release.AspNetCompiler.PhysicalPath = "..\..\..\..\Dropbox\TelerikAcademy\Ivo\HomeWork\JavaScriptII\01.DOM\"
		Release.AspNetCompiler.TargetPath = "PrecompiledWeb\01.DOM\"
		Release.AspNetCompiler.Updateable = "true"
		Release.AspNetCompiler.ForceOverwrite = "true"
		Release.AspNetCompiler.FixedNames = "false"
		Release.AspNetCompiler.Debug = "False"
		VWDPort = "50708"
	EndProjectSection
EndProject
Global
	GlobalSection(SolutionConfigurationPlatforms) = preSolution
		Debug|Any CPU = Debug|Any CPU
	EndGlobalSection
	GlobalSection(ProjectConfigurationPlatforms) = postSolution
		{D6FDFCED-CA90-4685-A9EA-AA1FA17F6615}.Debug|Any CPU.ActiveCfg = Debug|Any CPU
		{D6FDFCED-CA90-4685-A9EA-AA1FA17F6615}.Debug|Any CPU.Build.0 = Debug|Any CPU
	EndGlobalSection
	GlobalSection(SolutionProperties) = preSolution
		HideSolutionNode = FALSE
	EndGlobalSection
EndGlobal
