
Microsoft Visual Studio Solution File, Format Version 12.00
# Visual Studio 2012
Project("{FAE04EC0-301F-11D3-BF4B-00C04F79EFBC}") = "5.CalcNumberOfWorkdays", "5.UsingClassesAndObjects\5.CalcNumberOfWorkdays.csproj", "{56FAEA4F-0D22-41ED-9088-181A8C5035D5}"
EndProject
Project("{FAE04EC0-301F-11D3-BF4B-00C04F79EFBC}") = "1.LeapYearDateTime", "1.LeapYearDateTime\1.LeapYearDateTime.csproj", "{A220073C-A474-41DD-A9E8-A997054C42CC}"
EndProject
Project("{FAE04EC0-301F-11D3-BF4B-00C04F79EFBC}") = "2.Print10RadnomNumsInRange", "2.Print10RadnomNumsInRange\2.Print10RadnomNumsInRange.csproj", "{79893D9E-ADD2-4218-B693-A8A966BF45D3}"
EndProject
Project("{FAE04EC0-301F-11D3-BF4B-00C04F79EFBC}") = "3.WhichDayOfWeek", "3.WhichDayOfWeek\3.WhichDayOfWeek.csproj", "{3424941F-8DF3-42A5-A376-76135B25E46B}"
EndProject
Project("{FAE04EC0-301F-11D3-BF4B-00C04F79EFBC}") = "4.MethodsCalcSurfaceOfTriangle", "4.MethodsCalcSurfaceOfTriangle\4.MethodsCalcSurfaceOfTriangle.csproj", "{4E5D8EEC-8714-401D-879D-4580D1FABC3C}"
EndProject
Project("{FAE04EC0-301F-11D3-BF4B-00C04F79EFBC}") = "6.ReadValuesFromStringAndSum", "6.ReadValuesFromStringAndSum\6.ReadValuesFromStringAndSum.csproj", "{C0D3EEEA-D72D-4DE4-A6F0-514D18915FF2}"
EndProject
Global
	GlobalSection(SolutionConfigurationPlatforms) = preSolution
		Debug|Any CPU = Debug|Any CPU
		Release|Any CPU = Release|Any CPU
	EndGlobalSection
	GlobalSection(ProjectConfigurationPlatforms) = postSolution
		{56FAEA4F-0D22-41ED-9088-181A8C5035D5}.Debug|Any CPU.ActiveCfg = Debug|Any CPU
		{56FAEA4F-0D22-41ED-9088-181A8C5035D5}.Debug|Any CPU.Build.0 = Debug|Any CPU
		{56FAEA4F-0D22-41ED-9088-181A8C5035D5}.Release|Any CPU.ActiveCfg = Release|Any CPU
		{56FAEA4F-0D22-41ED-9088-181A8C5035D5}.Release|Any CPU.Build.0 = Release|Any CPU
		{A220073C-A474-41DD-A9E8-A997054C42CC}.Debug|Any CPU.ActiveCfg = Debug|Any CPU
		{A220073C-A474-41DD-A9E8-A997054C42CC}.Debug|Any CPU.Build.0 = Debug|Any CPU
		{A220073C-A474-41DD-A9E8-A997054C42CC}.Release|Any CPU.ActiveCfg = Release|Any CPU
		{A220073C-A474-41DD-A9E8-A997054C42CC}.Release|Any CPU.Build.0 = Release|Any CPU
		{79893D9E-ADD2-4218-B693-A8A966BF45D3}.Debug|Any CPU.ActiveCfg = Debug|Any CPU
		{79893D9E-ADD2-4218-B693-A8A966BF45D3}.Debug|Any CPU.Build.0 = Debug|Any CPU
		{79893D9E-ADD2-4218-B693-A8A966BF45D3}.Release|Any CPU.ActiveCfg = Release|Any CPU
		{79893D9E-ADD2-4218-B693-A8A966BF45D3}.Release|Any CPU.Build.0 = Release|Any CPU
		{3424941F-8DF3-42A5-A376-76135B25E46B}.Debug|Any CPU.ActiveCfg = Debug|Any CPU
		{3424941F-8DF3-42A5-A376-76135B25E46B}.Debug|Any CPU.Build.0 = Debug|Any CPU
		{3424941F-8DF3-42A5-A376-76135B25E46B}.Release|Any CPU.ActiveCfg = Release|Any CPU
		{3424941F-8DF3-42A5-A376-76135B25E46B}.Release|Any CPU.Build.0 = Release|Any CPU
		{4E5D8EEC-8714-401D-879D-4580D1FABC3C}.Debug|Any CPU.ActiveCfg = Debug|Any CPU
		{4E5D8EEC-8714-401D-879D-4580D1FABC3C}.Debug|Any CPU.Build.0 = Debug|Any CPU
		{4E5D8EEC-8714-401D-879D-4580D1FABC3C}.Release|Any CPU.ActiveCfg = Release|Any CPU
		{4E5D8EEC-8714-401D-879D-4580D1FABC3C}.Release|Any CPU.Build.0 = Release|Any CPU
		{C0D3EEEA-D72D-4DE4-A6F0-514D18915FF2}.Debug|Any CPU.ActiveCfg = Debug|Any CPU
		{C0D3EEEA-D72D-4DE4-A6F0-514D18915FF2}.Debug|Any CPU.Build.0 = Debug|Any CPU
		{C0D3EEEA-D72D-4DE4-A6F0-514D18915FF2}.Release|Any CPU.ActiveCfg = Release|Any CPU
		{C0D3EEEA-D72D-4DE4-A6F0-514D18915FF2}.Release|Any CPU.Build.0 = Release|Any CPU
	EndGlobalSection
	GlobalSection(SolutionProperties) = preSolution
		HideSolutionNode = FALSE
	EndGlobalSection
EndGlobal
