
Microsoft Visual Studio Solution File, Format Version 12.00
# Visual Studio 2012
Project("{FAE04EC0-301F-11D3-BF4B-00C04F79EFBC}") = "1.CartesianCoordinateSystem", "SampleExam\1.CartesianCoordinateSystem.csproj", "{C3935F25-6720-46AB-8A79-7A66EE812DDA}"
EndProject
Global
	GlobalSection(SolutionConfigurationPlatforms) = preSolution
		Debug|Any CPU = Debug|Any CPU
		Release|Any CPU = Release|Any CPU
	EndGlobalSection
	GlobalSection(ProjectConfigurationPlatforms) = postSolution
		{C3935F25-6720-46AB-8A79-7A66EE812DDA}.Debug|Any CPU.ActiveCfg = Debug|Any CPU
		{C3935F25-6720-46AB-8A79-7A66EE812DDA}.Debug|Any CPU.Build.0 = Debug|Any CPU
		{C3935F25-6720-46AB-8A79-7A66EE812DDA}.Release|Any CPU.ActiveCfg = Release|Any CPU
		{C3935F25-6720-46AB-8A79-7A66EE812DDA}.Release|Any CPU.Build.0 = Release|Any CPU
	EndGlobalSection
	GlobalSection(SolutionProperties) = preSolution
		HideSolutionNode = FALSE
	EndGlobalSection
EndGlobal
