
Microsoft Visual Studio Solution File, Format Version 12.00
# Visual Studio 2012
Project("{E24C65DC-7377-472B-9ABA-BC803B73C61A}") = "05Functions", ".", "{EF895E36-D416-4640-8B59-9B757DDBBAFF}"
	ProjectSection(WebsiteProperties) = preProject
		TargetFrameworkMoniker = ".NETFramework,Version%3Dv4.5"
		Debug.AspNetCompiler.VirtualPath = "/05Functions"
		Debug.AspNetCompiler.PhysicalPath = "..\..\..\..\Dropbox\TelerikAcademy\Ivo\HomeWork\JavaScriptI\05Functions\"
		Debug.AspNetCompiler.TargetPath = "PrecompiledWeb\05Functions\"
		Debug.AspNetCompiler.Updateable = "true"
		Debug.AspNetCompiler.ForceOverwrite = "true"
		Debug.AspNetCompiler.FixedNames = "false"
		Debug.AspNetCompiler.Debug = "True"
		Release.AspNetCompiler.VirtualPath = "/05Functions"
		Release.AspNetCompiler.PhysicalPath = "..\..\..\..\Dropbox\TelerikAcademy\Ivo\HomeWork\JavaScriptI\05Functions\"
		Release.AspNetCompiler.TargetPath = "PrecompiledWeb\05Functions\"
		Release.AspNetCompiler.Updateable = "true"
		Release.AspNetCompiler.ForceOverwrite = "true"
		Release.AspNetCompiler.FixedNames = "false"
		Release.AspNetCompiler.Debug = "False"
		VWDPort = "61169"
	EndProjectSection
EndProject
Global
	GlobalSection(SolutionConfigurationPlatforms) = preSolution
		Debug|Any CPU = Debug|Any CPU
	EndGlobalSection
	GlobalSection(ProjectConfigurationPlatforms) = postSolution
		{EF895E36-D416-4640-8B59-9B757DDBBAFF}.Debug|Any CPU.ActiveCfg = Debug|Any CPU
		{EF895E36-D416-4640-8B59-9B757DDBBAFF}.Debug|Any CPU.Build.0 = Debug|Any CPU
	EndGlobalSection
	GlobalSection(SolutionProperties) = preSolution
		HideSolutionNode = FALSE
	EndGlobalSection
EndGlobal
